
Microsoft Visual Studio Solution File, Format Version 12.00
# Visual Studio Version 16
VisualStudioVersion = 16.0.33920.266
MinimumVisualStudioVersion = 10.0.40219.1
Project("{FAE04EC0-301F-11D3-BF4B-00C04F79EFBC}") = "HelloWorld", "HelloWorld\HelloWorld.csproj", "{96ECD46A-3925-4329-8BBE-C7BB11553D92}"
EndProject
Global
	GlobalSection(SolutionConfigurationPlatforms) = preSolution
		Debug|Any CPU = Debug|Any CPU
		Release|Any CPU = Release|Any CPU
	EndGlobalSection
	GlobalSection(ProjectConfigurationPlatforms) = postSolution
		{96ECD46A-3925-4329-8BBE-C7BB11553D92}.Debug|Any CPU.ActiveCfg = Debug|Any CPU
		{96ECD46A-3925-4329-8BBE-C7BB11553D92}.Debug|Any CPU.Build.0 = Debug|Any CPU
		{96ECD46A-3925-4329-8BBE-C7BB11553D92}.Release|Any CPU.ActiveCfg = Release|Any CPU
		{96ECD46A-3925-4329-8BBE-C7BB11553D92}.Release|Any CPU.Build.0 = Release|Any CPU
	EndGlobalSection
	GlobalSection(SolutionProperties) = preSolution
		HideSolutionNode = FALSE
	EndGlobalSection
	GlobalSection(ExtensibilityGlobals) = postSolution
		SolutionGuid = {400AEF20-DC56-4B04-AEEE-9BD65D62B262}
	EndGlobalSection
EndGlobal
