
Microsoft Visual Studio Solution File, Format Version 12.00
# Visual Studio Version 16
VisualStudioVersion = 16.0.33920.266
MinimumVisualStudioVersion = 10.0.40219.1
Project("{FAE04EC0-301F-11D3-BF4B-00C04F79EFBC}") = "Final Assignment Submission", "Final Assignment Submission\Final Assignment Submission.csproj", "{FC703B71-CD3F-4390-8931-B82A004D6AC5}"
EndProject
Global
	GlobalSection(SolutionConfigurationPlatforms) = preSolution
		Debug|Any CPU = Debug|Any CPU
		Release|Any CPU = Release|Any CPU
	EndGlobalSection
	GlobalSection(ProjectConfigurationPlatforms) = postSolution
		{FC703B71-CD3F-4390-8931-B82A004D6AC5}.Debug|Any CPU.ActiveCfg = Debug|Any CPU
		{FC703B71-CD3F-4390-8931-B82A004D6AC5}.Debug|Any CPU.Build.0 = Debug|Any CPU
		{FC703B71-CD3F-4390-8931-B82A004D6AC5}.Release|Any CPU.ActiveCfg = Release|Any CPU
		{FC703B71-CD3F-4390-8931-B82A004D6AC5}.Release|Any CPU.Build.0 = Release|Any CPU
	EndGlobalSection
	GlobalSection(SolutionProperties) = preSolution
		HideSolutionNode = FALSE
	EndGlobalSection
	GlobalSection(ExtensibilityGlobals) = postSolution
		SolutionGuid = {43779EA0-31C7-4AE0-930E-62195AEAD702}
	EndGlobalSection
EndGlobal
