
Microsoft Visual Studio Solution File, Format Version 12.00
# Visual Studio Version 16
VisualStudioVersion = 16.0.33920.266
MinimumVisualStudioVersion = 10.0.40219.1
Project("{FAE04EC0-301F-11D3-BF4B-00C04F79EFBC}") = "Branching Assignment Submission", "Branching Assignment Submission\Branching Assignment Submission.csproj", "{D1F6FD9C-DB2B-44F6-B524-E6F759355BE4}"
EndProject
Global
	GlobalSection(SolutionConfigurationPlatforms) = preSolution
		Debug|Any CPU = Debug|Any CPU
		Release|Any CPU = Release|Any CPU
	EndGlobalSection
	GlobalSection(ProjectConfigurationPlatforms) = postSolution
		{D1F6FD9C-DB2B-44F6-B524-E6F759355BE4}.Debug|Any CPU.ActiveCfg = Debug|Any CPU
		{D1F6FD9C-DB2B-44F6-B524-E6F759355BE4}.Debug|Any CPU.Build.0 = Debug|Any CPU
		{D1F6FD9C-DB2B-44F6-B524-E6F759355BE4}.Release|Any CPU.ActiveCfg = Release|Any CPU
		{D1F6FD9C-DB2B-44F6-B524-E6F759355BE4}.Release|Any CPU.Build.0 = Release|Any CPU
	EndGlobalSection
	GlobalSection(SolutionProperties) = preSolution
		HideSolutionNode = FALSE
	EndGlobalSection
	GlobalSection(ExtensibilityGlobals) = postSolution
		SolutionGuid = {31D7F74A-54D4-49BB-A542-9554DF86BEC1}
	EndGlobalSection
EndGlobal
