
Microsoft Visual Studio Solution File, Format Version 12.00
# Visual Studio Version 16
VisualStudioVersion = 16.0.33920.266
MinimumVisualStudioVersion = 10.0.40219.1
Project("{FAE04EC0-301F-11D3-BF4B-00C04F79EFBC}") = "Daily Report Assignment", "Daily Report Assignment\Daily Report Assignment.csproj", "{4CDF93BF-28CC-4FAA-80E9-6F91F360B56B}"
EndProject
Global
	GlobalSection(SolutionConfigurationPlatforms) = preSolution
		Debug|Any CPU = Debug|Any CPU
		Release|Any CPU = Release|Any CPU
	EndGlobalSection
	GlobalSection(ProjectConfigurationPlatforms) = postSolution
		{4CDF93BF-28CC-4FAA-80E9-6F91F360B56B}.Debug|Any CPU.ActiveCfg = Debug|Any CPU
		{4CDF93BF-28CC-4FAA-80E9-6F91F360B56B}.Debug|Any CPU.Build.0 = Debug|Any CPU
		{4CDF93BF-28CC-4FAA-80E9-6F91F360B56B}.Release|Any CPU.ActiveCfg = Release|Any CPU
		{4CDF93BF-28CC-4FAA-80E9-6F91F360B56B}.Release|Any CPU.Build.0 = Release|Any CPU
	EndGlobalSection
	GlobalSection(SolutionProperties) = preSolution
		HideSolutionNode = FALSE
	EndGlobalSection
	GlobalSection(ExtensibilityGlobals) = postSolution
		SolutionGuid = {D5B09987-0CE7-46BB-8EB9-B7549DCAB61E}
	EndGlobalSection
EndGlobal
