
Microsoft Visual Studio Solution File, Format Version 12.00
# Visual Studio Version 16
VisualStudioVersion = 16.0.33920.266
MinimumVisualStudioVersion = 10.0.40219.1
Project("{FAE04EC0-301F-11D3-BF4B-00C04F79EFBC}") = "String Assignment", "String Assignment\String Assignment.csproj", "{08F03D7A-012F-4189-AF15-6B43709B88D0}"
EndProject
Global
	GlobalSection(SolutionConfigurationPlatforms) = preSolution
		Debug|Any CPU = Debug|Any CPU
		Release|Any CPU = Release|Any CPU
	EndGlobalSection
	GlobalSection(ProjectConfigurationPlatforms) = postSolution
		{08F03D7A-012F-4189-AF15-6B43709B88D0}.Debug|Any CPU.ActiveCfg = Debug|Any CPU
		{08F03D7A-012F-4189-AF15-6B43709B88D0}.Debug|Any CPU.Build.0 = Debug|Any CPU
		{08F03D7A-012F-4189-AF15-6B43709B88D0}.Release|Any CPU.ActiveCfg = Release|Any CPU
		{08F03D7A-012F-4189-AF15-6B43709B88D0}.Release|Any CPU.Build.0 = Release|Any CPU
	EndGlobalSection
	GlobalSection(SolutionProperties) = preSolution
		HideSolutionNode = FALSE
	EndGlobalSection
	GlobalSection(ExtensibilityGlobals) = postSolution
		SolutionGuid = {A16EF5CF-4E03-4C87-9AEF-EAA603AA54A7}
	EndGlobalSection
EndGlobal
